
Microsoft Visual Studio Solution File, Format Version 12.00
# Visual Studio Version 16
VisualStudioVersion = 16.0.29728.190
MinimumVisualStudioVersion = 10.0.40219.1
Project("{FAE04EC0-301F-11D3-BF4B-00C04F79EFBC}") = "LJPapp.Android", "LJPapp\LJPapp.Android\LJPapp.Android.csproj", "{D1C124E4-EE21-4889-BE7F-73EDDE7018E8}"
EndProject
Project("{FAE04EC0-301F-11D3-BF4B-00C04F79EFBC}") = "LJPapp.iOS", "LJPapp\LJPapp.iOS\LJPapp.iOS.csproj", "{D52646BF-D490-4EA9-A5A9-9CD63064B6F8}"
EndProject
Project("{FAE04EC0-301F-11D3-BF4B-00C04F79EFBC}") = "LJPapp", "LJPapp\LJPapp\LJPapp.csproj", "{5377D728-9475-4727-8345-446E931C4340}"
EndProject
Global
	GlobalSection(SolutionConfigurationPlatforms) = preSolution
		Debug|Any CPU = Debug|Any CPU
		Debug|iPhone = Debug|iPhone
		Debug|iPhoneSimulator = Debug|iPhoneSimulator
		Release|Any CPU = Release|Any CPU
		Release|iPhone = Release|iPhone
		Release|iPhoneSimulator = Release|iPhoneSimulator
	EndGlobalSection
	GlobalSection(ProjectConfigurationPlatforms) = postSolution
		{D1C124E4-EE21-4889-BE7F-73EDDE7018E8}.Debug|Any CPU.ActiveCfg = Debug|Any CPU
		{D1C124E4-EE21-4889-BE7F-73EDDE7018E8}.Debug|Any CPU.Build.0 = Debug|Any CPU
		{D1C124E4-EE21-4889-BE7F-73EDDE7018E8}.Debug|Any CPU.Deploy.0 = Debug|Any CPU
		{D1C124E4-EE21-4889-BE7F-73EDDE7018E8}.Debug|iPhone.ActiveCfg = Debug|Any CPU
		{D1C124E4-EE21-4889-BE7F-73EDDE7018E8}.Debug|iPhone.Build.0 = Debug|Any CPU
		{D1C124E4-EE21-4889-BE7F-73EDDE7018E8}.Debug|iPhone.Deploy.0 = Debug|Any CPU
		{D1C124E4-EE21-4889-BE7F-73EDDE7018E8}.Debug|iPhoneSimulator.ActiveCfg = Debug|Any CPU
		{D1C124E4-EE21-4889-BE7F-73EDDE7018E8}.Debug|iPhoneSimulator.Build.0 = Debug|Any CPU
		{D1C124E4-EE21-4889-BE7F-73EDDE7018E8}.Debug|iPhoneSimulator.Deploy.0 = Debug|Any CPU
		{D1C124E4-EE21-4889-BE7F-73EDDE7018E8}.Release|Any CPU.ActiveCfg = Release|Any CPU
		{D1C124E4-EE21-4889-BE7F-73EDDE7018E8}.Release|Any CPU.Build.0 = Release|Any CPU
		{D1C124E4-EE21-4889-BE7F-73EDDE7018E8}.Release|Any CPU.Deploy.0 = Release|Any CPU
		{D1C124E4-EE21-4889-BE7F-73EDDE7018E8}.Release|iPhone.ActiveCfg = Release|Any CPU
		{D1C124E4-EE21-4889-BE7F-73EDDE7018E8}.Release|iPhone.Build.0 = Release|Any CPU
		{D1C124E4-EE21-4889-BE7F-73EDDE7018E8}.Release|iPhone.Deploy.0 = Release|Any CPU
		{D1C124E4-EE21-4889-BE7F-73EDDE7018E8}.Release|iPhoneSimulator.ActiveCfg = Release|Any CPU
		{D1C124E4-EE21-4889-BE7F-73EDDE7018E8}.Release|iPhoneSimulator.Build.0 = Release|Any CPU
		{D1C124E4-EE21-4889-BE7F-73EDDE7018E8}.Release|iPhoneSimulator.Deploy.0 = Release|Any CPU
		{D52646BF-D490-4EA9-A5A9-9CD63064B6F8}.Debug|Any CPU.ActiveCfg = Debug|iPhoneSimulator
		{D52646BF-D490-4EA9-A5A9-9CD63064B6F8}.Debug|Any CPU.Build.0 = Debug|iPhoneSimulator
		{D52646BF-D490-4EA9-A5A9-9CD63064B6F8}.Debug|Any CPU.Deploy.0 = Debug|iPhoneSimulator
		{D52646BF-D490-4EA9-A5A9-9CD63064B6F8}.Debug|iPhone.ActiveCfg = Debug|iPhone
		{D52646BF-D490-4EA9-A5A9-9CD63064B6F8}.Debug|iPhone.Build.0 = Debug|iPhone
		{D52646BF-D490-4EA9-A5A9-9CD63064B6F8}.Debug|iPhone.Deploy.0 = Debug|iPhone
		{D52646BF-D490-4EA9-A5A9-9CD63064B6F8}.Debug|iPhoneSimulator.ActiveCfg = Debug|iPhoneSimulator
		{D52646BF-D490-4EA9-A5A9-9CD63064B6F8}.Debug|iPhoneSimulator.Build.0 = Debug|iPhoneSimulator
		{D52646BF-D490-4EA9-A5A9-9CD63064B6F8}.Debug|iPhoneSimulator.Deploy.0 = Debug|iPhoneSimulator
		{D52646BF-D490-4EA9-A5A9-9CD63064B6F8}.Release|Any CPU.ActiveCfg = Release|iPhone
		{D52646BF-D490-4EA9-A5A9-9CD63064B6F8}.Release|Any CPU.Build.0 = Release|iPhone
		{D52646BF-D490-4EA9-A5A9-9CD63064B6F8}.Release|Any CPU.Deploy.0 = Release|iPhone
		{D52646BF-D490-4EA9-A5A9-9CD63064B6F8}.Release|iPhone.ActiveCfg = Release|iPhone
		{D52646BF-D490-4EA9-A5A9-9CD63064B6F8}.Release|iPhone.Build.0 = Release|iPhone
		{D52646BF-D490-4EA9-A5A9-9CD63064B6F8}.Release|iPhone.Deploy.0 = Release|iPhone
		{D52646BF-D490-4EA9-A5A9-9CD63064B6F8}.Release|iPhoneSimulator.ActiveCfg = Release|iPhoneSimulator
		{D52646BF-D490-4EA9-A5A9-9CD63064B6F8}.Release|iPhoneSimulator.Build.0 = Release|iPhoneSimulator
		{D52646BF-D490-4EA9-A5A9-9CD63064B6F8}.Release|iPhoneSimulator.Deploy.0 = Release|iPhoneSimulator
		{5377D728-9475-4727-8345-446E931C4340}.Debug|Any CPU.ActiveCfg = Debug|Any CPU
		{5377D728-9475-4727-8345-446E931C4340}.Debug|Any CPU.Build.0 = Debug|Any CPU
		{5377D728-9475-4727-8345-446E931C4340}.Debug|Any CPU.Deploy.0 = Debug|Any CPU
		{5377D728-9475-4727-8345-446E931C4340}.Debug|iPhone.ActiveCfg = Debug|Any CPU
		{5377D728-9475-4727-8345-446E931C4340}.Debug|iPhone.Build.0 = Debug|Any CPU
		{5377D728-9475-4727-8345-446E931C4340}.Debug|iPhone.Deploy.0 = Debug|Any CPU
		{5377D728-9475-4727-8345-446E931C4340}.Debug|iPhoneSimulator.ActiveCfg = Debug|Any CPU
		{5377D728-9475-4727-8345-446E931C4340}.Debug|iPhoneSimulator.Build.0 = Debug|Any CPU
		{5377D728-9475-4727-8345-446E931C4340}.Debug|iPhoneSimulator.Deploy.0 = Debug|Any CPU
		{5377D728-9475-4727-8345-446E931C4340}.Release|Any CPU.ActiveCfg = Release|Any CPU
		{5377D728-9475-4727-8345-446E931C4340}.Release|Any CPU.Build.0 = Release|Any CPU
		{5377D728-9475-4727-8345-446E931C4340}.Release|Any CPU.Deploy.0 = Release|Any CPU
		{5377D728-9475-4727-8345-446E931C4340}.Release|iPhone.ActiveCfg = Release|Any CPU
		{5377D728-9475-4727-8345-446E931C4340}.Release|iPhone.Build.0 = Release|Any CPU
		{5377D728-9475-4727-8345-446E931C4340}.Release|iPhone.Deploy.0 = Release|Any CPU
		{5377D728-9475-4727-8345-446E931C4340}.Release|iPhoneSimulator.ActiveCfg = Release|Any CPU
		{5377D728-9475-4727-8345-446E931C4340}.Release|iPhoneSimulator.Build.0 = Release|Any CPU
		{5377D728-9475-4727-8345-446E931C4340}.Release|iPhoneSimulator.Deploy.0 = Release|Any CPU
	EndGlobalSection
	GlobalSection(SolutionProperties) = preSolution
		HideSolutionNode = FALSE
	EndGlobalSection
	GlobalSection(ExtensibilityGlobals) = postSolution
		SolutionGuid = {F494BE27-E213-4848-8A5A-872B346AE53B}
	EndGlobalSection
EndGlobal
