
Microsoft Visual Studio Solution File, Format Version 12.00
# Visual Studio Version 16
VisualStudioVersion = 16.0.29728.190
MinimumVisualStudioVersion = 10.0.40219.1
Project("{9A19103F-16F7-4668-BE54-9A1E7A4F7556}") = "LJPmath", "LJPmath\LJPmath.csproj", "{4CE52415-69E8-4BE4-827D-FDFEF7DEAEF6}"
EndProject
Project("{9A19103F-16F7-4668-BE54-9A1E7A4F7556}") = "LJPtest", "LJPtest\LJPtest.csproj", "{6BBB885B-9EB0-4725-AF3A-412A48392254}"
EndProject
Project("{9A19103F-16F7-4668-BE54-9A1E7A4F7556}") = "LJPconsole", "LJPconsole\LJPconsole.csproj", "{634F0709-5C8A-4BE7-AF04-35D6912687F6}"
EndProject
Project("{9A19103F-16F7-4668-BE54-9A1E7A4F7556}") = "LJPcalc", "LJPcalc\LJPcalc.csproj", "{234EB447-D43C-4E3B-8146-3A666B6AC364}"
EndProject
Project("{2150E333-8FDC-42A3-9474-1A3956D46DE8}") = "Solution Items", "Solution Items", "{1A496E77-364E-4FBE-B8C5-4A8184EF15E3}"
	ProjectSection(SolutionItems) = preProject
		IonTable.md = IonTable.md
	EndProjectSection
EndProject
Project("{9A19103F-16F7-4668-BE54-9A1E7A4F7556}") = "LJPresearch", "LJPresearch\LJPresearch.csproj", "{ECE22E5D-0C12-4A2D-8F2D-51DB5F7EE5DA}"
EndProject
Global
	GlobalSection(SolutionConfigurationPlatforms) = preSolution
		Debug|Any CPU = Debug|Any CPU
		Release|Any CPU = Release|Any CPU
	EndGlobalSection
	GlobalSection(ProjectConfigurationPlatforms) = postSolution
		{4CE52415-69E8-4BE4-827D-FDFEF7DEAEF6}.Debug|Any CPU.ActiveCfg = Debug|Any CPU
		{4CE52415-69E8-4BE4-827D-FDFEF7DEAEF6}.Debug|Any CPU.Build.0 = Debug|Any CPU
		{4CE52415-69E8-4BE4-827D-FDFEF7DEAEF6}.Release|Any CPU.ActiveCfg = Release|Any CPU
		{4CE52415-69E8-4BE4-827D-FDFEF7DEAEF6}.Release|Any CPU.Build.0 = Release|Any CPU
		{6BBB885B-9EB0-4725-AF3A-412A48392254}.Debug|Any CPU.ActiveCfg = Debug|Any CPU
		{6BBB885B-9EB0-4725-AF3A-412A48392254}.Debug|Any CPU.Build.0 = Debug|Any CPU
		{6BBB885B-9EB0-4725-AF3A-412A48392254}.Release|Any CPU.ActiveCfg = Release|Any CPU
		{6BBB885B-9EB0-4725-AF3A-412A48392254}.Release|Any CPU.Build.0 = Release|Any CPU
		{634F0709-5C8A-4BE7-AF04-35D6912687F6}.Debug|Any CPU.ActiveCfg = Debug|Any CPU
		{634F0709-5C8A-4BE7-AF04-35D6912687F6}.Debug|Any CPU.Build.0 = Debug|Any CPU
		{634F0709-5C8A-4BE7-AF04-35D6912687F6}.Release|Any CPU.ActiveCfg = Release|Any CPU
		{634F0709-5C8A-4BE7-AF04-35D6912687F6}.Release|Any CPU.Build.0 = Release|Any CPU
		{234EB447-D43C-4E3B-8146-3A666B6AC364}.Debug|Any CPU.ActiveCfg = Debug|Any CPU
		{234EB447-D43C-4E3B-8146-3A666B6AC364}.Debug|Any CPU.Build.0 = Debug|Any CPU
		{234EB447-D43C-4E3B-8146-3A666B6AC364}.Release|Any CPU.ActiveCfg = Release|Any CPU
		{234EB447-D43C-4E3B-8146-3A666B6AC364}.Release|Any CPU.Build.0 = Release|Any CPU
		{ECE22E5D-0C12-4A2D-8F2D-51DB5F7EE5DA}.Debug|Any CPU.ActiveCfg = Debug|Any CPU
		{ECE22E5D-0C12-4A2D-8F2D-51DB5F7EE5DA}.Debug|Any CPU.Build.0 = Debug|Any CPU
		{ECE22E5D-0C12-4A2D-8F2D-51DB5F7EE5DA}.Release|Any CPU.ActiveCfg = Release|Any CPU
		{ECE22E5D-0C12-4A2D-8F2D-51DB5F7EE5DA}.Release|Any CPU.Build.0 = Release|Any CPU
	EndGlobalSection
	GlobalSection(SolutionProperties) = preSolution
		HideSolutionNode = FALSE
	EndGlobalSection
	GlobalSection(ExtensibilityGlobals) = postSolution
		SolutionGuid = {DBCAAB22-2FDA-41DF-A28C-B5A307C466BE}
	EndGlobalSection
EndGlobal
